
Microsoft Visual Studio Solution File, Format Version 12.00
# Visual Studio Version 17
VisualStudioVersion = 17.4.33205.214
MinimumVisualStudioVersion = 10.0.40219.1
Project("{FAE04EC0-301F-11D3-BF4B-00C04F79EFBC}") = "Entity Framework練習題", "Entity Framework練習題\Entity Framework練習題.csproj", "{5A3AFA37-B4D4-46A3-9EAC-1EE4AD0FFC63}"
EndProject
Global
	GlobalSection(SolutionConfigurationPlatforms) = preSolution
		Debug|Any CPU = Debug|Any CPU
		Release|Any CPU = Release|Any CPU
	EndGlobalSection
	GlobalSection(ProjectConfigurationPlatforms) = postSolution
		{5A3AFA37-B4D4-46A3-9EAC-1EE4AD0FFC63}.Debug|Any CPU.ActiveCfg = Debug|Any CPU
		{5A3AFA37-B4D4-46A3-9EAC-1EE4AD0FFC63}.Debug|Any CPU.Build.0 = Debug|Any CPU
		{5A3AFA37-B4D4-46A3-9EAC-1EE4AD0FFC63}.Release|Any CPU.ActiveCfg = Release|Any CPU
		{5A3AFA37-B4D4-46A3-9EAC-1EE4AD0FFC63}.Release|Any CPU.Build.0 = Release|Any CPU
	EndGlobalSection
	GlobalSection(SolutionProperties) = preSolution
		HideSolutionNode = FALSE
	EndGlobalSection
	GlobalSection(ExtensibilityGlobals) = postSolution
		SolutionGuid = {9117CB0D-2FAA-4683-830B-943488F030E3}
	EndGlobalSection
EndGlobal
